
Microsoft Visual Studio Solution File, Format Version 12.00
# Visual Studio Version 16
VisualStudioVersion = 16.0.29215.179
MinimumVisualStudioVersion = 10.0.40219.1
Project("{2150E333-8FDC-42A3-9474-1A3956D46DE8}") = "1 Web Application Server", "1 Web Application Server", "{8233A1B9-3AC9-46FA-BA81-0B8E3F38EBDD}"
EndProject
Project("{2150E333-8FDC-42A3-9474-1A3956D46DE8}") = "3 Shared", "3 Shared", "{A52D001C-4BF4-4B7F-82C4-61BDA4C8974F}"
EndProject
Project("{2150E333-8FDC-42A3-9474-1A3956D46DE8}") = "1.1 User Interface", "1.1 User Interface", "{2943DDA1-3F0A-4C8A-ABDD-8B943EA0D128}"
EndProject
Project("{2150E333-8FDC-42A3-9474-1A3956D46DE8}") = "1.2 Business Logic", "1.2 Business Logic", "{74E3071F-CD68-4CC8-AA6B-7B4D4D6FA679}"
EndProject
Project("{2150E333-8FDC-42A3-9474-1A3956D46DE8}") = "1.3 Data Access", "1.3 Data Access", "{81DF8CDC-75F1-46CE-BC5D-6DA5E9018B56}"
EndProject
Project("{FAE04EC0-301F-11D3-BF4B-00C04F79EFBC}") = "GB.SUTEL.Shared", "GB.SUTEL.Shared\GB.SUTEL.Shared.csproj", "{9B33F131-E6CB-4FB0-916E-FF696437C928}"
EndProject
Project("{FAE04EC0-301F-11D3-BF4B-00C04F79EFBC}") = "GB.SUTEL.ExceptionHandler", "GB.SUTEL.ExceptionHandler\GB.SUTEL.ExceptionHandler.csproj", "{997CC335-DEAC-49A5-9482-7B5C54DB1ECD}"
EndProject
Project("{FAE04EC0-301F-11D3-BF4B-00C04F79EFBC}") = "GB.SUTEL.DAL", "GB.SUTEL.DAL\GB.SUTEL.DAL.csproj", "{3548F570-BB86-47FA-AD42-CB491214EAC6}"
EndProject
Project("{FAE04EC0-301F-11D3-BF4B-00C04F79EFBC}") = "GB.SUTEL.Entities", "GB.SUTEL.Entities\GB.SUTEL.Entities.csproj", "{8B30812D-4414-4C62-9A34-FD80220C0029}"
EndProject
Project("{FAE04EC0-301F-11D3-BF4B-00C04F79EFBC}") = "GB.SUTEL.Resources", "GB.SUTEL.Resources\GB.SUTEL.Resources.csproj", "{9787195D-FF3F-44E5-BF82-8DBDE1CCD952}"
EndProject
Project("{FAE04EC0-301F-11D3-BF4B-00C04F79EFBC}") = "GB.SUTEL.UI", "GB.SUTEL.UI\GB.SUTEL.UI.csproj", "{4ABBEE62-489B-47FC-B932-48F0C40B3F70}"
EndProject
Project("{FAE04EC0-301F-11D3-BF4B-00C04F79EFBC}") = "GB.SUTEL.BL", "GB.SUTEL.BL\GB.SUTEL.BL.csproj", "{E8ED21F4-13AE-4B54-B9C5-1FF6EBC26EB9}"
EndProject
Project("{2150E333-8FDC-42A3-9474-1A3956D46DE8}") = "0 Diagrams", "0 Diagrams", "{BEF79A6A-D5D4-4627-BEFB-43BCA7DE71C8}"
EndProject
Project("{2150E333-8FDC-42A3-9474-1A3956D46DE8}") = "4 Generador Archivo Excel", "4 Generador Archivo Excel", "{6041DD63-4F60-42C8-9FE1-DDF366FEC053}"
EndProject
Project("{FAE04EC0-301F-11D3-BF4B-00C04F79EFBC}") = "SutelSolution", "SutelSolution\SutelSolution.csproj", "{E3D24C0E-DABB-455F-B993-C4EFAD26A1C5}"
EndProject
Project("{FAE04EC0-301F-11D3-BF4B-00C04F79EFBC}") = "GB.SUTEL.Reglas", "GB.SUTEL.Reglas\GB.SUTEL.Reglas.csproj", "{32572116-EEDA-4A10-8C65-52F02B7D8070}"
EndProject
Project("{9A19103F-16F7-4668-BE54-9A1E7A4F7556}") = "GB.SIMEF.BL", "GB.SIMEF.BL\GB.SIMEF.BL.csproj", "{8ABDC389-3F57-47F7-A33B-054215ABA986}"
EndProject
Project("{9A19103F-16F7-4668-BE54-9A1E7A4F7556}") = "GB.SIMEF.DAL", "GB.SIMEF.DAL\GB.SIMEF.DAL.csproj", "{1490EBAB-E8D5-4E57-99B9-C54DD5E976D8}"
EndProject
Project("{9A19103F-16F7-4668-BE54-9A1E7A4F7556}") = "GB.SIMEF.Shared", "GB.SIMEF.Shared\GB.SIMEF.Shared.csproj", "{F8264E3C-14CE-4FF3-840B-56FA83E4232B}"
EndProject
Project("{FAE04EC0-301F-11D3-BF4B-00C04F79EFBC}") = "GB.SIMEF.Resources", "GB.SIMEF.Resources\GB.SIMEF.Resources.csproj", "{93F172D6-F11B-41D1-BD43-AFAD2F43D314}"
EndProject
Global
	GlobalSection(SolutionConfigurationPlatforms) = preSolution
		Debug|Any CPU = Debug|Any CPU
		Release|Any CPU = Release|Any CPU
	EndGlobalSection
	GlobalSection(ProjectConfigurationPlatforms) = postSolution
		{9B33F131-E6CB-4FB0-916E-FF696437C928}.Debug|Any CPU.ActiveCfg = Debug|Any CPU
		{9B33F131-E6CB-4FB0-916E-FF696437C928}.Debug|Any CPU.Build.0 = Debug|Any CPU
		{9B33F131-E6CB-4FB0-916E-FF696437C928}.Release|Any CPU.ActiveCfg = Release|Any CPU
		{9B33F131-E6CB-4FB0-916E-FF696437C928}.Release|Any CPU.Build.0 = Release|Any CPU
		{997CC335-DEAC-49A5-9482-7B5C54DB1ECD}.Debug|Any CPU.ActiveCfg = Debug|Any CPU
		{997CC335-DEAC-49A5-9482-7B5C54DB1ECD}.Debug|Any CPU.Build.0 = Debug|Any CPU
		{997CC335-DEAC-49A5-9482-7B5C54DB1ECD}.Release|Any CPU.ActiveCfg = Release|Any CPU
		{997CC335-DEAC-49A5-9482-7B5C54DB1ECD}.Release|Any CPU.Build.0 = Release|Any CPU
		{3548F570-BB86-47FA-AD42-CB491214EAC6}.Debug|Any CPU.ActiveCfg = Debug|Any CPU
		{3548F570-BB86-47FA-AD42-CB491214EAC6}.Debug|Any CPU.Build.0 = Debug|Any CPU
		{3548F570-BB86-47FA-AD42-CB491214EAC6}.Release|Any CPU.ActiveCfg = Release|Any CPU
		{3548F570-BB86-47FA-AD42-CB491214EAC6}.Release|Any CPU.Build.0 = Release|Any CPU
		{8B30812D-4414-4C62-9A34-FD80220C0029}.Debug|Any CPU.ActiveCfg = Debug|Any CPU
		{8B30812D-4414-4C62-9A34-FD80220C0029}.Debug|Any CPU.Build.0 = Debug|Any CPU
		{8B30812D-4414-4C62-9A34-FD80220C0029}.Release|Any CPU.ActiveCfg = Release|Any CPU
		{8B30812D-4414-4C62-9A34-FD80220C0029}.Release|Any CPU.Build.0 = Release|Any CPU
		{9787195D-FF3F-44E5-BF82-8DBDE1CCD952}.Debug|Any CPU.ActiveCfg = Debug|Any CPU
		{9787195D-FF3F-44E5-BF82-8DBDE1CCD952}.Debug|Any CPU.Build.0 = Debug|Any CPU
		{9787195D-FF3F-44E5-BF82-8DBDE1CCD952}.Release|Any CPU.ActiveCfg = Release|Any CPU
		{9787195D-FF3F-44E5-BF82-8DBDE1CCD952}.Release|Any CPU.Build.0 = Release|Any CPU
		{4ABBEE62-489B-47FC-B932-48F0C40B3F70}.Debug|Any CPU.ActiveCfg = Debug|Any CPU
		{4ABBEE62-489B-47FC-B932-48F0C40B3F70}.Debug|Any CPU.Build.0 = Debug|Any CPU
		{4ABBEE62-489B-47FC-B932-48F0C40B3F70}.Release|Any CPU.ActiveCfg = Release|Any CPU
		{4ABBEE62-489B-47FC-B932-48F0C40B3F70}.Release|Any CPU.Build.0 = Release|Any CPU
		{E8ED21F4-13AE-4B54-B9C5-1FF6EBC26EB9}.Debug|Any CPU.ActiveCfg = Debug|Any CPU
		{E8ED21F4-13AE-4B54-B9C5-1FF6EBC26EB9}.Debug|Any CPU.Build.0 = Debug|Any CPU
		{E8ED21F4-13AE-4B54-B9C5-1FF6EBC26EB9}.Release|Any CPU.ActiveCfg = Release|Any CPU
		{E8ED21F4-13AE-4B54-B9C5-1FF6EBC26EB9}.Release|Any CPU.Build.0 = Release|Any CPU
		{E3D24C0E-DABB-455F-B993-C4EFAD26A1C5}.Debug|Any CPU.ActiveCfg = Debug|Any CPU
		{E3D24C0E-DABB-455F-B993-C4EFAD26A1C5}.Debug|Any CPU.Build.0 = Debug|Any CPU
		{E3D24C0E-DABB-455F-B993-C4EFAD26A1C5}.Release|Any CPU.ActiveCfg = Release|Any CPU
		{E3D24C0E-DABB-455F-B993-C4EFAD26A1C5}.Release|Any CPU.Build.0 = Release|Any CPU
		{32572116-EEDA-4A10-8C65-52F02B7D8070}.Debug|Any CPU.ActiveCfg = Debug|Any CPU
		{32572116-EEDA-4A10-8C65-52F02B7D8070}.Debug|Any CPU.Build.0 = Debug|Any CPU
		{32572116-EEDA-4A10-8C65-52F02B7D8070}.Release|Any CPU.ActiveCfg = Release|Any CPU
		{32572116-EEDA-4A10-8C65-52F02B7D8070}.Release|Any CPU.Build.0 = Release|Any CPU
		{8ABDC389-3F57-47F7-A33B-054215ABA986}.Debug|Any CPU.ActiveCfg = Debug|Any CPU
		{8ABDC389-3F57-47F7-A33B-054215ABA986}.Debug|Any CPU.Build.0 = Debug|Any CPU
		{8ABDC389-3F57-47F7-A33B-054215ABA986}.Release|Any CPU.ActiveCfg = Release|Any CPU
		{8ABDC389-3F57-47F7-A33B-054215ABA986}.Release|Any CPU.Build.0 = Release|Any CPU
		{1490EBAB-E8D5-4E57-99B9-C54DD5E976D8}.Debug|Any CPU.ActiveCfg = Debug|Any CPU
		{1490EBAB-E8D5-4E57-99B9-C54DD5E976D8}.Debug|Any CPU.Build.0 = Debug|Any CPU
		{1490EBAB-E8D5-4E57-99B9-C54DD5E976D8}.Release|Any CPU.ActiveCfg = Release|Any CPU
		{1490EBAB-E8D5-4E57-99B9-C54DD5E976D8}.Release|Any CPU.Build.0 = Release|Any CPU
		{F8264E3C-14CE-4FF3-840B-56FA83E4232B}.Debug|Any CPU.ActiveCfg = Debug|Any CPU
		{F8264E3C-14CE-4FF3-840B-56FA83E4232B}.Debug|Any CPU.Build.0 = Debug|Any CPU
		{F8264E3C-14CE-4FF3-840B-56FA83E4232B}.Release|Any CPU.ActiveCfg = Release|Any CPU
		{F8264E3C-14CE-4FF3-840B-56FA83E4232B}.Release|Any CPU.Build.0 = Release|Any CPU
		{93F172D6-F11B-41D1-BD43-AFAD2F43D314}.Debug|Any CPU.ActiveCfg = Debug|Any CPU
		{93F172D6-F11B-41D1-BD43-AFAD2F43D314}.Debug|Any CPU.Build.0 = Debug|Any CPU
		{93F172D6-F11B-41D1-BD43-AFAD2F43D314}.Release|Any CPU.ActiveCfg = Release|Any CPU
		{93F172D6-F11B-41D1-BD43-AFAD2F43D314}.Release|Any CPU.Build.0 = Release|Any CPU
	EndGlobalSection
	GlobalSection(SolutionProperties) = preSolution
		HideSolutionNode = FALSE
	EndGlobalSection
	GlobalSection(NestedProjects) = preSolution
		{A52D001C-4BF4-4B7F-82C4-61BDA4C8974F} = {6041DD63-4F60-42C8-9FE1-DDF366FEC053}
		{2943DDA1-3F0A-4C8A-ABDD-8B943EA0D128} = {8233A1B9-3AC9-46FA-BA81-0B8E3F38EBDD}
		{74E3071F-CD68-4CC8-AA6B-7B4D4D6FA679} = {8233A1B9-3AC9-46FA-BA81-0B8E3F38EBDD}
		{81DF8CDC-75F1-46CE-BC5D-6DA5E9018B56} = {8233A1B9-3AC9-46FA-BA81-0B8E3F38EBDD}
		{9B33F131-E6CB-4FB0-916E-FF696437C928} = {A52D001C-4BF4-4B7F-82C4-61BDA4C8974F}
		{997CC335-DEAC-49A5-9482-7B5C54DB1ECD} = {A52D001C-4BF4-4B7F-82C4-61BDA4C8974F}
		{3548F570-BB86-47FA-AD42-CB491214EAC6} = {81DF8CDC-75F1-46CE-BC5D-6DA5E9018B56}
		{8B30812D-4414-4C62-9A34-FD80220C0029} = {74E3071F-CD68-4CC8-AA6B-7B4D4D6FA679}
		{9787195D-FF3F-44E5-BF82-8DBDE1CCD952} = {2943DDA1-3F0A-4C8A-ABDD-8B943EA0D128}
		{4ABBEE62-489B-47FC-B932-48F0C40B3F70} = {2943DDA1-3F0A-4C8A-ABDD-8B943EA0D128}
		{E8ED21F4-13AE-4B54-B9C5-1FF6EBC26EB9} = {74E3071F-CD68-4CC8-AA6B-7B4D4D6FA679}
		{E3D24C0E-DABB-455F-B993-C4EFAD26A1C5} = {6041DD63-4F60-42C8-9FE1-DDF366FEC053}
		{32572116-EEDA-4A10-8C65-52F02B7D8070} = {74E3071F-CD68-4CC8-AA6B-7B4D4D6FA679}
		{8ABDC389-3F57-47F7-A33B-054215ABA986} = {74E3071F-CD68-4CC8-AA6B-7B4D4D6FA679}
		{1490EBAB-E8D5-4E57-99B9-C54DD5E976D8} = {81DF8CDC-75F1-46CE-BC5D-6DA5E9018B56}
		{F8264E3C-14CE-4FF3-840B-56FA83E4232B} = {A52D001C-4BF4-4B7F-82C4-61BDA4C8974F}
		{93F172D6-F11B-41D1-BD43-AFAD2F43D314} = {2943DDA1-3F0A-4C8A-ABDD-8B943EA0D128}
	EndGlobalSection
	GlobalSection(ExtensibilityGlobals) = postSolution
		SolutionGuid = {CD906248-CBDD-4EF7-B5B0-4D5C31E62DD1}
	EndGlobalSection
EndGlobal
